{
  "name": "nebuladb-simple-demo",
  "version": "1.0.0",
  "lockfileVersion": 3,
  "requires": true,
  "packages": {
    "": {
      "name": "nebuladb-simple-demo",
      "version": "1.0.0",
      "dependencies": {
        "@nebula-db/nebula-db": "^0.2.0"
      }
    },
    "node_modules/@nebula-db/adapter-filesystemdb": {
      "version": "0.2.0",
      "resolved": "https://registry.npmjs.org/@nebula-db/adapter-filesystemdb/-/adapter-filesystemdb-0.2.0.tgz",
      "integrity": "sha512-veSTUYeSxlUBh7koE0aEBZiJNH+Jwg5FcOvjWBlTmPJ4iR4L0XECn9pAtmPwHo5Kv6RathXEdq96khmueWrYHA==",
      "license": "MIT",
      "peerDependencies": {
        "@nebula-db/core": "^0.2.0"
      }
    },
    "node_modules/@nebula-db/adapter-indexeddb": {
      "version": "0.2.0",
      "resolved": "https://registry.npmjs.org/@nebula-db/adapter-indexeddb/-/adapter-indexeddb-0.2.0.tgz",
      "integrity": "sha512-xIDEh3rG8P0bx31pp89u8Q4f7DP24QHSIOGJUU6XwQHOjUwTPaRXwfhTnkxJZdYnmApSeqBfMzF9Iz8WVeXeCw==",
      "license": "MIT",
      "peerDependencies": {
        "@nebula-db/core": "^0.2.0"
      }
    },
    "node_modules/@nebula-db/adapter-localstorage": {
      "version": "0.2.0",
      "resolved": "https://registry.npmjs.org/@nebula-db/adapter-localstorage/-/adapter-localstorage-0.2.0.tgz",
      "integrity": "sha512-+9Zxm3jyZAfbUukdoJlfNwN9gNTrApPw2SdpGA/yb8d6m/kOGHJK3jK/eCOgUoCEl9goyV1V2yvF9lBMHh5OUA==",
      "license": "MIT",
      "peerDependencies": {
        "@nebula-db/core": "^0.2.0"
      }
    },
    "node_modules/@nebula-db/adapter-memorydb": {
      "version": "0.2.0",
      "resolved": "https://registry.npmjs.org/@nebula-db/adapter-memorydb/-/adapter-memorydb-0.2.0.tgz",
      "integrity": "sha512-ijgQT5DtTuSHx5p/YLq+A1yt7Vtw6L+GaPQpdjG40cumB2H2BlqJXxYANbYJqB9AHVLqjQ6vsAoFcCNLcqNjmg==",
      "license": "MIT",
      "peerDependencies": {
        "@nebula-db/core": "^0.2.0"
      }
    },
    "node_modules/@nebula-db/core": {
      "version": "0.2.0",
      "resolved": "https://registry.npmjs.org/@nebula-db/core/-/core-0.2.0.tgz",
      "integrity": "sha512-ziK1603iUCHIBuqKx/Uh+YMDRvcxu0G1rtQM+kp92DTWoFNtEu2Cz0yzZwMXt423PGgGylD+K+zoW5ESOyDb0Q==",
      "license": "MIT",
      "dependencies": {
        "@preact/signals-core": "^1.5.1"
      }
    },
    "node_modules/@nebula-db/nebula-db": {
      "version": "0.2.1",
      "resolved": "https://registry.npmjs.org/@nebula-db/nebula-db/-/nebula-db-0.2.1.tgz",
      "integrity": "sha512-riPmEWdcMBxCuMrsBjqGkWMPA3R/OPEHmpOz5mSDjmURo3HRuO8julxYWwXbQyS1fKOZMw2EFeYgr9FH5zEG6A==",
      "license": "MIT",
      "dependencies": {
        "@nebula-db/adapter-filesystemdb": "^0.2.0",
        "@nebula-db/adapter-indexeddb": "^0.2.0",
        "@nebula-db/adapter-localstorage": "^0.2.0",
        "@nebula-db/adapter-memorydb": "^0.2.0",
        "@nebula-db/core": "^0.2.0",
        "@nebula-db/plugin-validation": "^0.2.0"
      }
    },
    "node_modules/@nebula-db/plugin-validation": {
      "version": "0.2.0",
      "resolved": "https://registry.npmjs.org/@nebula-db/plugin-validation/-/plugin-validation-0.2.0.tgz",
      "integrity": "sha512-KcLGM5PjxHqz2P9aRbMet0jQ0MuL8gmvu4M8akHUdB0ts0MKIdx4Diulo6L3WNQbiX4OrapvoFU+XdOXtPzL8g==",
      "license": "MIT",
      "dependencies": {
        "zod": "^3.22.4"
      },
      "peerDependencies": {
        "@nebula-db/core": "^0.2.0"
      }
    },
    "node_modules/@preact/signals-core": {
      "version": "1.8.0",
      "resolved": "https://registry.npmjs.org/@preact/signals-core/-/signals-core-1.8.0.tgz",
      "integrity": "sha512-OBvUsRZqNmjzCZXWLxkZfhcgT+Fk8DDcT/8vD6a1xhDemodyy87UJRJfASMuSD8FaAIeGgGm85ydXhm7lr4fyA==",
      "license": "MIT",
      "funding": {
        "type": "opencollective",
        "url": "https://opencollective.com/preact"
      }
    },
    "node_modules/zod": {
      "version": "3.24.3",
      "resolved": "https://registry.npmjs.org/zod/-/zod-3.24.3.tgz",
      "integrity": "sha512-HhY1oqzWCQWuUqvBFnsyrtZRhyPeR7SUGv+C4+MsisMuVfSPx8HpwWqH8tRahSlt6M3PiFAcoeFhZAqIXTxoSg==",
      "license": "MIT",
      "funding": {
        "url": "https://github.com/sponsors/colinhacks"
      }
    }
  }
}
